
Microsoft Visual Studio Solution File, Format Version 12.00
# Visual Studio Version 17
VisualStudioVersion = 17.4.33110.190
MinimumVisualStudioVersion = 10.0.40219.1
Project("{FAE04EC0-301F-11D3-BF4B-00C04F79EFBC}") = "8.3.1.openText", "8.3.1.openText\8.3.1.openText.csproj", "{81F380B4-BD97-490D-B02F-8DA0DE839588}"
EndProject
Global
	GlobalSection(SolutionConfigurationPlatforms) = preSolution
		Debug|Any CPU = Debug|Any CPU
		Release|Any CPU = Release|Any CPU
	EndGlobalSection
	GlobalSection(ProjectConfigurationPlatforms) = postSolution
		{81F380B4-BD97-490D-B02F-8DA0DE839588}.Debug|Any CPU.ActiveCfg = Debug|Any CPU
		{81F380B4-BD97-490D-B02F-8DA0DE839588}.Debug|Any CPU.Build.0 = Debug|Any CPU
		{81F380B4-BD97-490D-B02F-8DA0DE839588}.Release|Any CPU.ActiveCfg = Release|Any CPU
		{81F380B4-BD97-490D-B02F-8DA0DE839588}.Release|Any CPU.Build.0 = Release|Any CPU
	EndGlobalSection
	GlobalSection(SolutionProperties) = preSolution
		HideSolutionNode = FALSE
	EndGlobalSection
	GlobalSection(ExtensibilityGlobals) = postSolution
		SolutionGuid = {4B5A6718-64AE-46F8-A84E-7A6DD9E466FA}
	EndGlobalSection
EndGlobal
